
Microsoft Visual Studio Solution File, Format Version 12.00
# Visual Studio 2012
Project("{8BC9CEB8-8B4A-11D0-8D11-00A0C91BC942}") = "tpmtest", "tpmtest.vcxproj", "{9AA7866D-CA70-4E72-B448-108D8E8CA434}"
EndProject
Global
	GlobalSection(SolutionConfigurationPlatforms) = preSolution
		Debug|Win32 = Debug|Win32
		Release|Win32 = Release|Win32
	EndGlobalSection
	GlobalSection(ProjectConfigurationPlatforms) = postSolution
		{9AA7866D-CA70-4E72-B448-108D8E8CA434}.Debug|Win32.ActiveCfg = Debug|Win32
		{9AA7866D-CA70-4E72-B448-108D8E8CA434}.Debug|Win32.Build.0 = Debug|Win32
		{9AA7866D-CA70-4E72-B448-108D8E8CA434}.Release|Win32.ActiveCfg = Release|Win32
		{9AA7866D-CA70-4E72-B448-108D8E8CA434}.Release|Win32.Build.0 = Release|Win32
	EndGlobalSection
	GlobalSection(SolutionProperties) = preSolution
		HideSolutionNode = FALSE
	EndGlobalSection
EndGlobal
